
Microsoft Visual Studio Solution File, Format Version 12.00
# Visual Studio 14
VisualStudioVersion = 14.0.25420.1
MinimumVisualStudioVersion = 10.0.40219.1
Project("{FAE04EC0-301F-11D3-BF4B-00C04F79EFBC}") = "Dsl", "Dsl\Dsl.csproj", "{B7AD6641-4C18-40E0-BE92-6B79CE2B1188}"
EndProject
Project("{FAE04EC0-301F-11D3-BF4B-00C04F79EFBC}") = "DslPackage", "DslPackage\DslPackage.csproj", "{C1EA80ED-6988-495D-B631-8C6E304ECB1D}"
EndProject
Global
	GlobalSection(SolutionConfigurationPlatforms) = preSolution
		Debug|Any CPU = Debug|Any CPU
		Release|Any CPU = Release|Any CPU
	EndGlobalSection
	GlobalSection(ProjectConfigurationPlatforms) = postSolution
		{B7AD6641-4C18-40E0-BE92-6B79CE2B1188}.Debug|Any CPU.ActiveCfg = Debug|Any CPU
		{B7AD6641-4C18-40E0-BE92-6B79CE2B1188}.Debug|Any CPU.Build.0 = Debug|Any CPU
		{B7AD6641-4C18-40E0-BE92-6B79CE2B1188}.Release|Any CPU.ActiveCfg = Release|Any CPU
		{B7AD6641-4C18-40E0-BE92-6B79CE2B1188}.Release|Any CPU.Build.0 = Release|Any CPU
		{C1EA80ED-6988-495D-B631-8C6E304ECB1D}.Debug|Any CPU.ActiveCfg = Debug|Any CPU
		{C1EA80ED-6988-495D-B631-8C6E304ECB1D}.Debug|Any CPU.Build.0 = Debug|Any CPU
		{C1EA80ED-6988-495D-B631-8C6E304ECB1D}.Release|Any CPU.ActiveCfg = Release|Any CPU
		{C1EA80ED-6988-495D-B631-8C6E304ECB1D}.Release|Any CPU.Build.0 = Release|Any CPU
	EndGlobalSection
	GlobalSection(SolutionProperties) = preSolution
		HideSolutionNode = FALSE
	EndGlobalSection
EndGlobal
