
Microsoft Visual Studio Solution File, Format Version 12.00
# Visual Studio 14
VisualStudioVersion = 14.0.25420.1
MinimumVisualStudioVersion = 10.0.40219.1
Project("{FAE04EC0-301F-11D3-BF4B-00C04F79EFBC}") = "Dsl", "Dsl\Dsl.csproj", "{E81E113C-E0D5-42BD-A922-740FCCA2763E}"
EndProject
Project("{FAE04EC0-301F-11D3-BF4B-00C04F79EFBC}") = "DslPackage", "DslPackage\DslPackage.csproj", "{EFEA4A16-D9B9-4E55-B75D-D2764FCCAF1B}"
EndProject
Project("{54435603-DBB4-11D2-8724-00A0C9A8B90C}") = "PowerFunctionsReportDSLSetup", "Setup\SetupProject.vdproj", "{4BC7251F-910D-4AFD-B026-18236098B3D5}"
	ProjectSection(ProjectDependencies) = postProject
		{EFEA4A16-D9B9-4E55-B75D-D2764FCCAF1B} = {EFEA4A16-D9B9-4E55-B75D-D2764FCCAF1B}
	EndProjectSection
EndProject
Global
	GlobalSection(SolutionConfigurationPlatforms) = preSolution
		Debug|Any CPU = Debug|Any CPU
		Debug|x64 = Debug|x64
		Release|Any CPU = Release|Any CPU
		Release|x64 = Release|x64
	EndGlobalSection
	GlobalSection(ProjectConfigurationPlatforms) = postSolution
		{E81E113C-E0D5-42BD-A922-740FCCA2763E}.Debug|Any CPU.ActiveCfg = Debug|Any CPU
		{E81E113C-E0D5-42BD-A922-740FCCA2763E}.Debug|Any CPU.Build.0 = Debug|Any CPU
		{E81E113C-E0D5-42BD-A922-740FCCA2763E}.Debug|x64.ActiveCfg = Debug|x64
		{E81E113C-E0D5-42BD-A922-740FCCA2763E}.Debug|x64.Build.0 = Debug|x64
		{E81E113C-E0D5-42BD-A922-740FCCA2763E}.Release|Any CPU.ActiveCfg = Release|Any CPU
		{E81E113C-E0D5-42BD-A922-740FCCA2763E}.Release|Any CPU.Build.0 = Release|Any CPU
		{E81E113C-E0D5-42BD-A922-740FCCA2763E}.Release|x64.ActiveCfg = Release|x64
		{E81E113C-E0D5-42BD-A922-740FCCA2763E}.Release|x64.Build.0 = Release|x64
		{EFEA4A16-D9B9-4E55-B75D-D2764FCCAF1B}.Debug|Any CPU.ActiveCfg = Debug|Any CPU
		{EFEA4A16-D9B9-4E55-B75D-D2764FCCAF1B}.Debug|Any CPU.Build.0 = Debug|Any CPU
		{EFEA4A16-D9B9-4E55-B75D-D2764FCCAF1B}.Debug|x64.ActiveCfg = Debug|x64
		{EFEA4A16-D9B9-4E55-B75D-D2764FCCAF1B}.Debug|x64.Build.0 = Debug|x64
		{EFEA4A16-D9B9-4E55-B75D-D2764FCCAF1B}.Release|Any CPU.ActiveCfg = Release|Any CPU
		{EFEA4A16-D9B9-4E55-B75D-D2764FCCAF1B}.Release|Any CPU.Build.0 = Release|Any CPU
		{EFEA4A16-D9B9-4E55-B75D-D2764FCCAF1B}.Release|x64.ActiveCfg = Release|x64
		{EFEA4A16-D9B9-4E55-B75D-D2764FCCAF1B}.Release|x64.Build.0 = Release|x64
		{4BC7251F-910D-4AFD-B026-18236098B3D5}.Debug|Any CPU.ActiveCfg = Debug
		{4BC7251F-910D-4AFD-B026-18236098B3D5}.Debug|Any CPU.Build.0 = Debug
		{4BC7251F-910D-4AFD-B026-18236098B3D5}.Debug|x64.ActiveCfg = Debug
		{4BC7251F-910D-4AFD-B026-18236098B3D5}.Debug|x64.Build.0 = Debug
		{4BC7251F-910D-4AFD-B026-18236098B3D5}.Release|Any CPU.ActiveCfg = Release
		{4BC7251F-910D-4AFD-B026-18236098B3D5}.Release|Any CPU.Build.0 = Release
		{4BC7251F-910D-4AFD-B026-18236098B3D5}.Release|x64.ActiveCfg = Release
		{4BC7251F-910D-4AFD-B026-18236098B3D5}.Release|x64.Build.0 = Release
	EndGlobalSection
	GlobalSection(SolutionProperties) = preSolution
		HideSolutionNode = FALSE
	EndGlobalSection
EndGlobal
